
Microsoft Visual Studio Solution File, Format Version 12.00
# Visual Studio Version 16
VisualStudioVersion = 16.0.32901.82
MinimumVisualStudioVersion = 10.0.40219.1
Project("{9A19103F-16F7-4668-BE54-9A1E7A4F7556}") = "01. BasicStackOperations", "01. BasicStackOperations\01. BasicStackOperations.csproj", "{E6B3177F-AD6C-45EB-BC30-A98723AE661F}"
EndProject
Project("{9A19103F-16F7-4668-BE54-9A1E7A4F7556}") = "02. BasicQueueOperations", "02. BasicQueueOperations\02. BasicQueueOperations.csproj", "{55AA6074-86EA-461E-A4AE-5BEC78E1B45F}"
EndProject
Project("{9A19103F-16F7-4668-BE54-9A1E7A4F7556}") = "03. MaximumAndMinimumElement", "03. MaximumAndMinimumElement\03. MaximumAndMinimumElement.csproj", "{AE165117-2086-4D83-A774-ED7A5E94199A}"
EndProject
Project("{9A19103F-16F7-4668-BE54-9A1E7A4F7556}") = "04. FastFood", "04. FastFood\04. FastFood.csproj", "{735A93C2-5A49-43E0-B1CC-05F0483F007E}"
EndProject
Project("{9A19103F-16F7-4668-BE54-9A1E7A4F7556}") = "05. FashionBoutique", "05. FashionBoutique\05. FashionBoutique.csproj", "{0A7040E5-FEEB-4FD0-9EEC-A00631FA2674}"
EndProject
Project("{9A19103F-16F7-4668-BE54-9A1E7A4F7556}") = "06. SongsQueue", "06. SongsQueue\06. SongsQueue.csproj", "{DC6F6A8B-FC60-4CD4-95C6-8DF525F59275}"
EndProject
Project("{9A19103F-16F7-4668-BE54-9A1E7A4F7556}") = "07. TruckTour", "07. TruckTour\07. TruckTour.csproj", "{FE2B46C8-62EE-4419-988B-A712DE754071}"
EndProject
Project("{9A19103F-16F7-4668-BE54-9A1E7A4F7556}") = "08. BalancedParenthesis", "08. BalancedParenthesis\08. BalancedParenthesis.csproj", "{E9DF03E9-DEF6-41BD-8962-F3C9717A2EF8}"
EndProject
Project("{FAE04EC0-301F-11D3-BF4B-00C04F79EFBC}") = "09. SimpleTextEditor", "09. SimpleTextEditor\09. SimpleTextEditor.csproj", "{7E7F4392-C21B-4C84-8DCF-4059D7616BEE}"
EndProject
Global
	GlobalSection(SolutionConfigurationPlatforms) = preSolution
		Debug|Any CPU = Debug|Any CPU
		Release|Any CPU = Release|Any CPU
	EndGlobalSection
	GlobalSection(ProjectConfigurationPlatforms) = postSolution
		{E6B3177F-AD6C-45EB-BC30-A98723AE661F}.Debug|Any CPU.ActiveCfg = Debug|Any CPU
		{E6B3177F-AD6C-45EB-BC30-A98723AE661F}.Debug|Any CPU.Build.0 = Debug|Any CPU
		{E6B3177F-AD6C-45EB-BC30-A98723AE661F}.Release|Any CPU.ActiveCfg = Release|Any CPU
		{E6B3177F-AD6C-45EB-BC30-A98723AE661F}.Release|Any CPU.Build.0 = Release|Any CPU
		{55AA6074-86EA-461E-A4AE-5BEC78E1B45F}.Debug|Any CPU.ActiveCfg = Debug|Any CPU
		{55AA6074-86EA-461E-A4AE-5BEC78E1B45F}.Debug|Any CPU.Build.0 = Debug|Any CPU
		{55AA6074-86EA-461E-A4AE-5BEC78E1B45F}.Release|Any CPU.ActiveCfg = Release|Any CPU
		{55AA6074-86EA-461E-A4AE-5BEC78E1B45F}.Release|Any CPU.Build.0 = Release|Any CPU
		{AE165117-2086-4D83-A774-ED7A5E94199A}.Debug|Any CPU.ActiveCfg = Debug|Any CPU
		{AE165117-2086-4D83-A774-ED7A5E94199A}.Debug|Any CPU.Build.0 = Debug|Any CPU
		{AE165117-2086-4D83-A774-ED7A5E94199A}.Release|Any CPU.ActiveCfg = Release|Any CPU
		{AE165117-2086-4D83-A774-ED7A5E94199A}.Release|Any CPU.Build.0 = Release|Any CPU
		{735A93C2-5A49-43E0-B1CC-05F0483F007E}.Debug|Any CPU.ActiveCfg = Debug|Any CPU
		{735A93C2-5A49-43E0-B1CC-05F0483F007E}.Debug|Any CPU.Build.0 = Debug|Any CPU
		{735A93C2-5A49-43E0-B1CC-05F0483F007E}.Release|Any CPU.ActiveCfg = Release|Any CPU
		{735A93C2-5A49-43E0-B1CC-05F0483F007E}.Release|Any CPU.Build.0 = Release|Any CPU
		{0A7040E5-FEEB-4FD0-9EEC-A00631FA2674}.Debug|Any CPU.ActiveCfg = Debug|Any CPU
		{0A7040E5-FEEB-4FD0-9EEC-A00631FA2674}.Debug|Any CPU.Build.0 = Debug|Any CPU
		{0A7040E5-FEEB-4FD0-9EEC-A00631FA2674}.Release|Any CPU.ActiveCfg = Release|Any CPU
		{0A7040E5-FEEB-4FD0-9EEC-A00631FA2674}.Release|Any CPU.Build.0 = Release|Any CPU
		{DC6F6A8B-FC60-4CD4-95C6-8DF525F59275}.Debug|Any CPU.ActiveCfg = Debug|Any CPU
		{DC6F6A8B-FC60-4CD4-95C6-8DF525F59275}.Debug|Any CPU.Build.0 = Debug|Any CPU
		{DC6F6A8B-FC60-4CD4-95C6-8DF525F59275}.Release|Any CPU.ActiveCfg = Release|Any CPU
		{DC6F6A8B-FC60-4CD4-95C6-8DF525F59275}.Release|Any CPU.Build.0 = Release|Any CPU
		{FE2B46C8-62EE-4419-988B-A712DE754071}.Debug|Any CPU.ActiveCfg = Debug|Any CPU
		{FE2B46C8-62EE-4419-988B-A712DE754071}.Debug|Any CPU.Build.0 = Debug|Any CPU
		{FE2B46C8-62EE-4419-988B-A712DE754071}.Release|Any CPU.ActiveCfg = Release|Any CPU
		{FE2B46C8-62EE-4419-988B-A712DE754071}.Release|Any CPU.Build.0 = Release|Any CPU
		{E9DF03E9-DEF6-41BD-8962-F3C9717A2EF8}.Debug|Any CPU.ActiveCfg = Debug|Any CPU
		{E9DF03E9-DEF6-41BD-8962-F3C9717A2EF8}.Debug|Any CPU.Build.0 = Debug|Any CPU
		{E9DF03E9-DEF6-41BD-8962-F3C9717A2EF8}.Release|Any CPU.ActiveCfg = Release|Any CPU
		{E9DF03E9-DEF6-41BD-8962-F3C9717A2EF8}.Release|Any CPU.Build.0 = Release|Any CPU
		{7E7F4392-C21B-4C84-8DCF-4059D7616BEE}.Debug|Any CPU.ActiveCfg = Debug|Any CPU
		{7E7F4392-C21B-4C84-8DCF-4059D7616BEE}.Debug|Any CPU.Build.0 = Debug|Any CPU
		{7E7F4392-C21B-4C84-8DCF-4059D7616BEE}.Release|Any CPU.ActiveCfg = Release|Any CPU
		{7E7F4392-C21B-4C84-8DCF-4059D7616BEE}.Release|Any CPU.Build.0 = Release|Any CPU
	EndGlobalSection
	GlobalSection(SolutionProperties) = preSolution
		HideSolutionNode = FALSE
	EndGlobalSection
	GlobalSection(ExtensibilityGlobals) = postSolution
		SolutionGuid = {13C319A7-25F5-4395-8400-1BC04266B6AF}
	EndGlobalSection
EndGlobal
